// !$*UTF8*$!
{
	archiveVersion = 1;
	classes = {
	};
	objectVersion = 56;
	objects = {

/* Begin PBXBuildFile section */
		231341982BEB496C0015DFA6 /* InputPhotoIngredientViewController.swift in Sources */ = {isa = PBXBuildFile; fileRef = 231341972BEB496C0015DFA6 /* InputPhotoIngredientViewController.swift */; };
		2313419A2BEB4A1E0015DFA6 /* Ingredient.swift in Sources */ = {isa = PBXBuildFile; fileRef = 231341992BEB4A1E0015DFA6 /* Ingredient.swift */; };
		2313419C2BEB4B240015DFA6 /* CollectionViewTableCell.swift in Sources */ = {isa = PBXBuildFile; fileRef = 2313419B2BEB4B240015DFA6 /* CollectionViewTableCell.swift */; };
		2313419E2BEB4C120015DFA6 /* InputPhotoIngredientCollectionCell.swift in Sources */ = {isa = PBXBuildFile; fileRef = 2313419D2BEB4C120015DFA6 /* InputPhotoIngredientCollectionCell.swift */; };
		231341A12BEB4F6F0015DFA6 /* StepIndicatorCollectionCell.swift in Sources */ = {isa = PBXBuildFile; fileRef = 231341A02BEB4F6F0015DFA6 /* StepIndicatorCollectionCell.swift */; };
		231341A32BEB671D0015DFA6 /* StepCollectionViewTableCell.swift in Sources */ = {isa = PBXBuildFile; fileRef = 231341A22BEB671D0015DFA6 /* StepCollectionViewTableCell.swift */; };
		231341A52BEB67B70015DFA6 /* InputPhotoIngredientTableCell.swift in Sources */ = {isa = PBXBuildFile; fileRef = 231341A42BEB67B70015DFA6 /* InputPhotoIngredientTableCell.swift */; };
		231341A72BEB69950015DFA6 /* CameraController.swift in Sources */ = {isa = PBXBuildFile; fileRef = 231341A62BEB69950015DFA6 /* CameraController.swift */; };
		231341AB2BEBB21F0015DFA6 /* IndicatorTableCell.swift in Sources */ = {isa = PBXBuildFile; fileRef = 231341AA2BEBB21F0015DFA6 /* IndicatorTableCell.swift */; };
		231341AD2BEBB2900015DFA6 /* IndicatorLabelView.swift in Sources */ = {isa = PBXBuildFile; fileRef = 231341AC2BEBB2900015DFA6 /* IndicatorLabelView.swift */; };
		231341AF2BEBBAB90015DFA6 /* LineView.swift in Sources */ = {isa = PBXBuildFile; fileRef = 231341AE2BEBBAB90015DFA6 /* LineView.swift */; };
		231341B12BEBCDFC0015DFA6 /* AddButtonCollectionCell.swift in Sources */ = {isa = PBXBuildFile; fileRef = 231341B02BEBCDFC0015DFA6 /* AddButtonCollectionCell.swift */; };
		234BF5102BDEA4120012CF6A /* AppDelegate.swift in Sources */ = {isa = PBXBuildFile; fileRef = 234BF50F2BDEA4120012CF6A /* AppDelegate.swift */; };
		234BF5122BDEA4120012CF6A /* SceneDelegate.swift in Sources */ = {isa = PBXBuildFile; fileRef = 234BF5112BDEA4120012CF6A /* SceneDelegate.swift */; };
		234BF5142BDEA4120012CF6A /* DishTableViewController.swift in Sources */ = {isa = PBXBuildFile; fileRef = 234BF5132BDEA4120012CF6A /* DishTableViewController.swift */; };
		234BF5172BDEA4120012CF6A /* Base in Resources */ = {isa = PBXBuildFile; fileRef = 234BF5162BDEA4120012CF6A /* Base */; };
		234BF51A2BDEA4120012CF6A /* DishGenerate.xcdatamodeld in Sources */ = {isa = PBXBuildFile; fileRef = 234BF5182BDEA4120012CF6A /* DishGenerate.xcdatamodeld */; };
		234BF51C2BDEA4140012CF6A /* Assets.xcassets in Resources */ = {isa = PBXBuildFile; fileRef = 234BF51B2BDEA4140012CF6A /* Assets.xcassets */; };
		234BF51F2BDEA4140012CF6A /* Base in Resources */ = {isa = PBXBuildFile; fileRef = 234BF51E2BDEA4140012CF6A /* Base */; };
		234BF52A2BDEA4150012CF6A /* DishGenerateTests.swift in Sources */ = {isa = PBXBuildFile; fileRef = 234BF5292BDEA4150012CF6A /* DishGenerateTests.swift */; };
		234BF5342BDEA4150012CF6A /* DishGenerateUITests.swift in Sources */ = {isa = PBXBuildFile; fileRef = 234BF5332BDEA4150012CF6A /* DishGenerateUITests.swift */; };
		234BF5362BDEA4150012CF6A /* DishGenerateUITestsLaunchTests.swift in Sources */ = {isa = PBXBuildFile; fileRef = 234BF5352BDEA4150012CF6A /* DishGenerateUITestsLaunchTests.swift */; };
		234BF5442BDEA7C60012CF6A /* Dish.swift in Sources */ = {isa = PBXBuildFile; fileRef = 234BF5432BDEA7C60012CF6A /* Dish.swift */; };
		234BF5462BDEAA1A0012CF6A /* DishTableCell.swift in Sources */ = {isa = PBXBuildFile; fileRef = 234BF5452BDEAA1A0012CF6A /* DishTableCell.swift */; };
		234BF54A2BDEAD170012CF6A /* Color.swift in Sources */ = {isa = PBXBuildFile; fileRef = 234BF5492BDEAD170012CF6A /* Color.swift */; };
		234BF54C2BDEADC70012CF6A /* MainNavgationController.swift in Sources */ = {isa = PBXBuildFile; fileRef = 234BF54B2BDEADC70012CF6A /* MainNavgationController.swift */; };
		234BF5502BDEAF250012CF6A /* UIFont.swift in Sources */ = {isa = PBXBuildFile; fileRef = 234BF54F2BDEAF250012CF6A /* UIFont.swift */; };
		234BF5572BDEB8E80012CF6A /* CellProtocol.swift in Sources */ = {isa = PBXBuildFile; fileRef = 234BF5562BDEB8E80012CF6A /* CellProtocol.swift */; };
		234BF55A2BDEB9B00012CF6A /* ZoomAnimatedButton.swift in Sources */ = {isa = PBXBuildFile; fileRef = 234BF5592BDEB9B00012CF6A /* ZoomAnimatedButton.swift */; };
		234BF55C2BDEC65E0012CF6A /* MainTabBarViewController.swift in Sources */ = {isa = PBXBuildFile; fileRef = 234BF55B2BDEC65E0012CF6A /* MainTabBarViewController.swift */; };
		236784322C02EB57006C18A3 /* DishDetailStepCell.swift in Sources */ = {isa = PBXBuildFile; fileRef = 236784312C02EB57006C18A3 /* DishDetailStepCell.swift */; };
		236784342C02F2DD006C18A3 /* StepIngredientCell.swift in Sources */ = {isa = PBXBuildFile; fileRef = 236784332C02F2DD006C18A3 /* StepIngredientCell.swift */; };
		236784362C05CC74006C18A3 /* UserProfileViewController.swift in Sources */ = {isa = PBXBuildFile; fileRef = 236784352C05CC74006C18A3 /* UserProfileViewController.swift */; };
		236784392C05D899006C18A3 /* UserDetailCollectionCell.swift in Sources */ = {isa = PBXBuildFile; fileRef = 236784382C05D899006C18A3 /* UserDetailCollectionCell.swift */; };
		2367843B2C05E820006C18A3 /* LeadingLogoHeaderView.swift in Sources */ = {isa = PBXBuildFile; fileRef = 2367843A2C05E820006C18A3 /* LeadingLogoHeaderView.swift */; };
		2367843D2C05F59A006C18A3 /* UserProfileDishCell.swift in Sources */ = {isa = PBXBuildFile; fileRef = 2367843C2C05F59A006C18A3 /* UserProfileDishCell.swift */; };
		236B9EE92C0C9CA70004E15A /* EditUserProfileViewController.swift in Sources */ = {isa = PBXBuildFile; fileRef = 236B9EE82C0C9CA70004E15A /* EditUserProfileViewController.swift */; };
		236B9EEB2C0CB8760004E15A /* User.swift in Sources */ = {isa = PBXBuildFile; fileRef = 236B9EEA2C0CB8760004E15A /* User.swift */; };
		236B9EED2C0CBEFC0004E15A /* ImageViewTableCell.swift in Sources */ = {isa = PBXBuildFile; fileRef = 236B9EEC2C0CBEFC0004E15A /* ImageViewTableCell.swift */; };
		236B9EF02C0CBF1B0004E15A /* EditUserProfileUserImageViewTableCell.swift in Sources */ = {isa = PBXBuildFile; fileRef = 236B9EEF2C0CBF1B0004E15A /* EditUserProfileUserImageViewTableCell.swift */; };
		236B9EF22C0CC1350004E15A /* GroupCornerBackgroundTableCell.swift in Sources */ = {isa = PBXBuildFile; fileRef = 236B9EF12C0CC1350004E15A /* GroupCornerBackgroundTableCell.swift */; };
		236B9EF42C0CDE280004E15A /* Gesture.swift in Sources */ = {isa = PBXBuildFile; fileRef = 236B9EF32C0CDE280004E15A /* Gesture.swift */; };
		236B9EF62C0CDFA70004E15A /* EditUserProfileOptionCell.swift in Sources */ = {isa = PBXBuildFile; fileRef = 236B9EF52C0CDFA70004E15A /* EditUserProfileOptionCell.swift */; };
		23B501162BF4873900EAB2D7 /* CollectionViewCollectionCell.swift in Sources */ = {isa = PBXBuildFile; fileRef = 23B501152BF4873900EAB2D7 /* CollectionViewCollectionCell.swift */; };
		23B501182BF487DB00EAB2D7 /* DetectedPhotoCollectionViewCollectionCell.swift in Sources */ = {isa = PBXBuildFile; fileRef = 23B501172BF487DB00EAB2D7 /* DetectedPhotoCollectionViewCollectionCell.swift */; };
		23B5011B2BF4893500EAB2D7 /* IndicatorCollectionCell.swift in Sources */ = {isa = PBXBuildFile; fileRef = 23B5011A2BF4893500EAB2D7 /* IndicatorCollectionCell.swift */; };
		23B5011D2BF497AE00EAB2D7 /* LabelHeaderView.swift in Sources */ = {isa = PBXBuildFile; fileRef = 23B5011C2BF497AE00EAB2D7 /* LabelHeaderView.swift */; };
		23B501202BF49C2C00EAB2D7 /* IngredientTitleLabelCollectionCell.swift in Sources */ = {isa = PBXBuildFile; fileRef = 23B5011F2BF49C2C00EAB2D7 /* IngredientTitleLabelCollectionCell.swift */; };
		23B501242BF4E5AA00EAB2D7 /* TapGestureHelper.swift in Sources */ = {isa = PBXBuildFile; fileRef = 23B501232BF4E5AA00EAB2D7 /* TapGestureHelper.swift */; };
		23B501262BF4E72400EAB2D7 /* KeyBoardController.swift in Sources */ = {isa = PBXBuildFile; fileRef = 23B501252BF4E72400EAB2D7 /* KeyBoardController.swift */; };
		23B501282BF4F62E00EAB2D7 /* DishGenerateOptionViewController.swift in Sources */ = {isa = PBXBuildFile; fileRef = 23B501272BF4F62E00EAB2D7 /* DishGenerateOptionViewController.swift */; };
		23BA50B22BF3160500E3B85A /* View.swift in Sources */ = {isa = PBXBuildFile; fileRef = 23BA50B12BF3160500E3B85A /* View.swift */; };
		23BA50B42BF3186200E3B85A /* Layer.swift in Sources */ = {isa = PBXBuildFile; fileRef = 23BA50B32BF3186200E3B85A /* Layer.swift */; };
		23BA50B62BF3660B00E3B85A /* CorrectIngredientViewController.swift in Sources */ = {isa = PBXBuildFile; fileRef = 23BA50B52BF3660B00E3B85A /* CorrectIngredientViewController.swift */; };
		23BA50BA2BF36AD300E3B85A /* CameraControllerDelegate.swift in Sources */ = {isa = PBXBuildFile; fileRef = 23BA50B92BF36AD300E3B85A /* CameraControllerDelegate.swift */; };
		23BA50BC2BF36B2100E3B85A /* InputPhotoCollectionCellDelegate.swift in Sources */ = {isa = PBXBuildFile; fileRef = 23BA50BB2BF36B2100E3B85A /* InputPhotoCollectionCellDelegate.swift */; };
		23BA50BE2BF36C0900E3B85A /* DetectedPhotoTableCell.swift in Sources */ = {isa = PBXBuildFile; fileRef = 23BA50BD2BF36C0900E3B85A /* DetectedPhotoTableCell.swift */; };
		23BA50C02BF382D600E3B85A /* PhotoInputedIngredient.swift in Sources */ = {isa = PBXBuildFile; fileRef = 23BA50BF2BF382D600E3B85A /* PhotoInputedIngredient.swift */; };
		23BA50C22BF391B000E3B85A /* DetectedPhotoCollectionCellDelegate.swift in Sources */ = {isa = PBXBuildFile; fileRef = 23BA50C12BF391B000E3B85A /* DetectedPhotoCollectionCellDelegate.swift */; };
		23BA50C42BF391C200E3B85A /* DetectedPhotoCollectionCell.swift in Sources */ = {isa = PBXBuildFile; fileRef = 23BA50C32BF391C200E3B85A /* DetectedPhotoCollectionCell.swift */; };
		23C2100F2BF88CEE008F74D0 /* TextField.swift in Sources */ = {isa = PBXBuildFile; fileRef = 23C2100E2BF88CEE008F74D0 /* TextField.swift */; };
		23C210122BF8934B008F74D0 /* QuantityCollectionCell.swift in Sources */ = {isa = PBXBuildFile; fileRef = 23C210112BF8934B008F74D0 /* QuantityCollectionCell.swift */; };
		23C210142BF89E9E008F74D0 /* TitleLabelSideCollectionCell.swift in Sources */ = {isa = PBXBuildFile; fileRef = 23C210132BF89E9E008F74D0 /* TitleLabelSideCollectionCell.swift */; };
		23C210162BF8AF77008F74D0 /* SliderCollectionCell.swift in Sources */ = {isa = PBXBuildFile; fileRef = 23C210152BF8AF77008F74D0 /* SliderCollectionCell.swift */; };
		23C210182BF8C376008F74D0 /* ReferenceHistoryCollectionCell.swift in Sources */ = {isa = PBXBuildFile; fileRef = 23C210172BF8C376008F74D0 /* ReferenceHistoryCollectionCell.swift */; };
		23C2101C2BFB27B8008F74D0 /* ButtonSideCollectionCell.swift in Sources */ = {isa = PBXBuildFile; fileRef = 23C2101B2BFB27B8008F74D0 /* ButtonSideCollectionCell.swift */; };
		23C2101E2BFB27D7008F74D0 /* TextFieldSideCollectionCell.swift in Sources */ = {isa = PBXBuildFile; fileRef = 23C2101D2BFB27D7008F74D0 /* TextFieldSideCollectionCell.swift */; };
		23C210202BFB28E6008F74D0 /* Equipment.swift in Sources */ = {isa = PBXBuildFile; fileRef = 23C2101F2BFB28E6008F74D0 /* Equipment.swift */; };
		23C210222BFB2A96008F74D0 /* Cuisine.swift in Sources */ = {isa = PBXBuildFile; fileRef = 23C210212BFB2A96008F74D0 /* Cuisine.swift */; };
		23C210242BFB8F06008F74D0 /* GeneratedDishesDisplayController.swift in Sources */ = {isa = PBXBuildFile; fileRef = 23C210232BFB8F06008F74D0 /* GeneratedDishesDisplayController.swift */; };
		23C210262BFBA22A008F74D0 /* SummaryDishTableCell.swift in Sources */ = {isa = PBXBuildFile; fileRef = 23C210252BFBA22A008F74D0 /* SummaryDishTableCell.swift */; };
		23C210282BFCEE37008F74D0 /* Step.swift in Sources */ = {isa = PBXBuildFile; fileRef = 23C210272BFCEE37008F74D0 /* Step.swift */; };
		23C2102A2BFCFE1B008F74D0 /* DishDetailViewController.swift in Sources */ = {isa = PBXBuildFile; fileRef = 23C210292BFCFE1B008F74D0 /* DishDetailViewController.swift */; };
		23C2102C2BFDBA40008F74D0 /* UIImage.swift in Sources */ = {isa = PBXBuildFile; fileRef = 23C2102B2BFDBA40008F74D0 /* UIImage.swift */; };
		23C2102E2BFE14E4008F74D0 /* IngredientTextFieldCollectionCell.swift in Sources */ = {isa = PBXBuildFile; fileRef = 23C2102D2BFE14E4008F74D0 /* IngredientTextFieldCollectionCell.swift */; };
		23C210302BFE1510008F74D0 /* CuisineTextFieldCollectionCell.swift in Sources */ = {isa = PBXBuildFile; fileRef = 23C2102F2BFE1510008F74D0 /* CuisineTextFieldCollectionCell.swift */; };
		23C210322BFE26FD008F74D0 /* AddtionalTextCollectionCell.swift in Sources */ = {isa = PBXBuildFile; fileRef = 23C210312BFE26FD008F74D0 /* AddtionalTextCollectionCell.swift */; };
/* End PBXBuildFile section */

/* Begin PBXContainerItemProxy section */
		234BF5262BDEA4150012CF6A /* PBXContainerItemProxy */ = {
			isa = PBXContainerItemProxy;
			containerPortal = 234BF5042BDEA4120012CF6A /* Project object */;
			proxyType = 1;
			remoteGlobalIDString = 234BF50B2BDEA4120012CF6A;
			remoteInfo = DishGenerate;
		};
		234BF5302BDEA4150012CF6A /* PBXContainerItemProxy */ = {
			isa = PBXContainerItemProxy;
			containerPortal = 234BF5042BDEA4120012CF6A /* Project object */;
			proxyType = 1;
			remoteGlobalIDString = 234BF50B2BDEA4120012CF6A;
			remoteInfo = DishGenerate;
		};
/* End PBXContainerItemProxy section */

/* Begin PBXFileReference section */
		231341972BEB496C0015DFA6 /* InputPhotoIngredientViewController.swift */ = {isa = PBXFileReference; lastKnownFileType = sourcecode.swift; path = InputPhotoIngredientViewController.swift; sourceTree = "<group>"; };
		231341992BEB4A1E0015DFA6 /* Ingredient.swift */ = {isa = PBXFileReference; lastKnownFileType = sourcecode.swift; path = Ingredient.swift; sourceTree = "<group>"; };
		2313419B2BEB4B240015DFA6 /* CollectionViewTableCell.swift */ = {isa = PBXFileReference; lastKnownFileType = sourcecode.swift; path = CollectionViewTableCell.swift; sourceTree = "<group>"; };
		2313419D2BEB4C120015DFA6 /* InputPhotoIngredientCollectionCell.swift */ = {isa = PBXFileReference; lastKnownFileType = sourcecode.swift; path = InputPhotoIngredientCollectionCell.swift; sourceTree = "<group>"; };
		231341A02BEB4F6F0015DFA6 /* StepIndicatorCollectionCell.swift */ = {isa = PBXFileReference; lastKnownFileType = sourcecode.swift; path = StepIndicatorCollectionCell.swift; sourceTree = "<group>"; };
		231341A22BEB671D0015DFA6 /* StepCollectionViewTableCell.swift */ = {isa = PBXFileReference; lastKnownFileType = sourcecode.swift; path = StepCollectionViewTableCell.swift; sourceTree = "<group>"; };
		231341A42BEB67B70015DFA6 /* InputPhotoIngredientTableCell.swift */ = {isa = PBXFileReference; lastKnownFileType = sourcecode.swift; path = InputPhotoIngredientTableCell.swift; sourceTree = "<group>"; };
		231341A62BEB69950015DFA6 /* CameraController.swift */ = {isa = PBXFileReference; lastKnownFileType = sourcecode.swift; path = CameraController.swift; sourceTree = "<group>"; };
		231341AA2BEBB21F0015DFA6 /* IndicatorTableCell.swift */ = {isa = PBXFileReference; lastKnownFileType = sourcecode.swift; path = IndicatorTableCell.swift; sourceTree = "<group>"; };
		231341AC2BEBB2900015DFA6 /* IndicatorLabelView.swift */ = {isa = PBXFileReference; lastKnownFileType = sourcecode.swift; path = IndicatorLabelView.swift; sourceTree = "<group>"; };
		231341AE2BEBBAB90015DFA6 /* LineView.swift */ = {isa = PBXFileReference; lastKnownFileType = sourcecode.swift; path = LineView.swift; sourceTree = "<group>"; };
		231341B02BEBCDFC0015DFA6 /* AddButtonCollectionCell.swift */ = {isa = PBXFileReference; lastKnownFileType = sourcecode.swift; path = AddButtonCollectionCell.swift; sourceTree = "<group>"; };
		234BF50C2BDEA4120012CF6A /* DishGenerate.app */ = {isa = PBXFileReference; explicitFileType = wrapper.application; includeInIndex = 0; path = DishGenerate.app; sourceTree = BUILT_PRODUCTS_DIR; };
		234BF50F2BDEA4120012CF6A /* AppDelegate.swift */ = {isa = PBXFileReference; lastKnownFileType = sourcecode.swift; path = AppDelegate.swift; sourceTree = "<group>"; };
		234BF5112BDEA4120012CF6A /* SceneDelegate.swift */ = {isa = PBXFileReference; lastKnownFileType = sourcecode.swift; path = SceneDelegate.swift; sourceTree = "<group>"; };
		234BF5132BDEA4120012CF6A /* DishTableViewController.swift */ = {isa = PBXFileReference; lastKnownFileType = sourcecode.swift; path = DishTableViewController.swift; sourceTree = "<group>"; };
		234BF5162BDEA4120012CF6A /* Base */ = {isa = PBXFileReference; lastKnownFileType = file.storyboard; name = Base; path = Base.lproj/Main.storyboard; sourceTree = "<group>"; };
		234BF5192BDEA4120012CF6A /* DishGenerate.xcdatamodel */ = {isa = PBXFileReference; lastKnownFileType = wrapper.xcdatamodel; path = DishGenerate.xcdatamodel; sourceTree = "<group>"; };
		234BF51B2BDEA4140012CF6A /* Assets.xcassets */ = {isa = PBXFileReference; lastKnownFileType = folder.assetcatalog; path = Assets.xcassets; sourceTree = "<group>"; };
		234BF51E2BDEA4140012CF6A /* Base */ = {isa = PBXFileReference; lastKnownFileType = file.storyboard; name = Base; path = Base.lproj/LaunchScreen.storyboard; sourceTree = "<group>"; };
		234BF5202BDEA4140012CF6A /* Info.plist */ = {isa = PBXFileReference; lastKnownFileType = text.plist.xml; path = Info.plist; sourceTree = "<group>"; };
		234BF5252BDEA4150012CF6A /* DishGenerateTests.xctest */ = {isa = PBXFileReference; explicitFileType = wrapper.cfbundle; includeInIndex = 0; path = DishGenerateTests.xctest; sourceTree = BUILT_PRODUCTS_DIR; };
		234BF5292BDEA4150012CF6A /* DishGenerateTests.swift */ = {isa = PBXFileReference; lastKnownFileType = sourcecode.swift; path = DishGenerateTests.swift; sourceTree = "<group>"; };
		234BF52F2BDEA4150012CF6A /* DishGenerateUITests.xctest */ = {isa = PBXFileReference; explicitFileType = wrapper.cfbundle; includeInIndex = 0; path = DishGenerateUITests.xctest; sourceTree = BUILT_PRODUCTS_DIR; };
		234BF5332BDEA4150012CF6A /* DishGenerateUITests.swift */ = {isa = PBXFileReference; lastKnownFileType = sourcecode.swift; path = DishGenerateUITests.swift; sourceTree = "<group>"; };
		234BF5352BDEA4150012CF6A /* DishGenerateUITestsLaunchTests.swift */ = {isa = PBXFileReference; lastKnownFileType = sourcecode.swift; path = DishGenerateUITestsLaunchTests.swift; sourceTree = "<group>"; };
		234BF5432BDEA7C60012CF6A /* Dish.swift */ = {isa = PBXFileReference; lastKnownFileType = sourcecode.swift; path = Dish.swift; sourceTree = "<group>"; };
		234BF5452BDEAA1A0012CF6A /* DishTableCell.swift */ = {isa = PBXFileReference; lastKnownFileType = sourcecode.swift; path = DishTableCell.swift; sourceTree = "<group>"; };
		234BF5492BDEAD170012CF6A /* Color.swift */ = {isa = PBXFileReference; lastKnownFileType = sourcecode.swift; path = Color.swift; sourceTree = "<group>"; };
		234BF54B2BDEADC70012CF6A /* MainNavgationController.swift */ = {isa = PBXFileReference; lastKnownFileType = sourcecode.swift; path = MainNavgationController.swift; sourceTree = "<group>"; };
		234BF54F2BDEAF250012CF6A /* UIFont.swift */ = {isa = PBXFileReference; lastKnownFileType = sourcecode.swift; path = UIFont.swift; sourceTree = "<group>"; };
		234BF5562BDEB8E80012CF6A /* CellProtocol.swift */ = {isa = PBXFileReference; lastKnownFileType = sourcecode.swift; path = CellProtocol.swift; sourceTree = "<group>"; };
		234BF5592BDEB9B00012CF6A /* ZoomAnimatedButton.swift */ = {isa = PBXFileReference; lastKnownFileType = sourcecode.swift; path = ZoomAnimatedButton.swift; sourceTree = "<group>"; };
		234BF55B2BDEC65E0012CF6A /* MainTabBarViewController.swift */ = {isa = PBXFileReference; lastKnownFileType = sourcecode.swift; path = MainTabBarViewController.swift; sourceTree = "<group>"; };
		236784312C02EB57006C18A3 /* DishDetailStepCell.swift */ = {isa = PBXFileReference; lastKnownFileType = sourcecode.swift; path = DishDetailStepCell.swift; sourceTree = "<group>"; };
		236784332C02F2DD006C18A3 /* StepIngredientCell.swift */ = {isa = PBXFileReference; lastKnownFileType = sourcecode.swift; path = StepIngredientCell.swift; sourceTree = "<group>"; };
		236784352C05CC74006C18A3 /* UserProfileViewController.swift */ = {isa = PBXFileReference; lastKnownFileType = sourcecode.swift; path = UserProfileViewController.swift; sourceTree = "<group>"; };
		236784382C05D899006C18A3 /* UserDetailCollectionCell.swift */ = {isa = PBXFileReference; lastKnownFileType = sourcecode.swift; path = UserDetailCollectionCell.swift; sourceTree = "<group>"; };
		2367843A2C05E820006C18A3 /* LeadingLogoHeaderView.swift */ = {isa = PBXFileReference; lastKnownFileType = sourcecode.swift; path = LeadingLogoHeaderView.swift; sourceTree = "<group>"; };
		2367843C2C05F59A006C18A3 /* UserProfileDishCell.swift */ = {isa = PBXFileReference; lastKnownFileType = sourcecode.swift; path = UserProfileDishCell.swift; sourceTree = "<group>"; };
		236B9EE82C0C9CA70004E15A /* EditUserProfileViewController.swift */ = {isa = PBXFileReference; lastKnownFileType = sourcecode.swift; path = EditUserProfileViewController.swift; sourceTree = "<group>"; };
		236B9EEA2C0CB8760004E15A /* User.swift */ = {isa = PBXFileReference; lastKnownFileType = sourcecode.swift; path = User.swift; sourceTree = "<group>"; };
		236B9EEC2C0CBEFC0004E15A /* ImageViewTableCell.swift */ = {isa = PBXFileReference; lastKnownFileType = sourcecode.swift; path = ImageViewTableCell.swift; sourceTree = "<group>"; };
		236B9EEF2C0CBF1B0004E15A /* EditUserProfileUserImageViewTableCell.swift */ = {isa = PBXFileReference; lastKnownFileType = sourcecode.swift; path = EditUserProfileUserImageViewTableCell.swift; sourceTree = "<group>"; };
		236B9EF12C0CC1350004E15A /* GroupCornerBackgroundTableCell.swift */ = {isa = PBXFileReference; lastKnownFileType = sourcecode.swift; path = GroupCornerBackgroundTableCell.swift; sourceTree = "<group>"; };
		236B9EF32C0CDE280004E15A /* Gesture.swift */ = {isa = PBXFileReference; lastKnownFileType = sourcecode.swift; path = Gesture.swift; sourceTree = "<group>"; };
		236B9EF52C0CDFA70004E15A /* EditUserProfileOptionCell.swift */ = {isa = PBXFileReference; lastKnownFileType = sourcecode.swift; path = EditUserProfileOptionCell.swift; sourceTree = "<group>"; };
		23B501152BF4873900EAB2D7 /* CollectionViewCollectionCell.swift */ = {isa = PBXFileReference; lastKnownFileType = sourcecode.swift; path = CollectionViewCollectionCell.swift; sourceTree = "<group>"; };
		23B501172BF487DB00EAB2D7 /* DetectedPhotoCollectionViewCollectionCell.swift */ = {isa = PBXFileReference; lastKnownFileType = sourcecode.swift; path = DetectedPhotoCollectionViewCollectionCell.swift; sourceTree = "<group>"; };
		23B5011A2BF4893500EAB2D7 /* IndicatorCollectionCell.swift */ = {isa = PBXFileReference; lastKnownFileType = sourcecode.swift; path = IndicatorCollectionCell.swift; sourceTree = "<group>"; };
		23B5011C2BF497AE00EAB2D7 /* LabelHeaderView.swift */ = {isa = PBXFileReference; lastKnownFileType = sourcecode.swift; path = LabelHeaderView.swift; sourceTree = "<group>"; };
		23B5011F2BF49C2C00EAB2D7 /* IngredientTitleLabelCollectionCell.swift */ = {isa = PBXFileReference; lastKnownFileType = sourcecode.swift; path = IngredientTitleLabelCollectionCell.swift; sourceTree = "<group>"; };
		23B501232BF4E5AA00EAB2D7 /* TapGestureHelper.swift */ = {isa = PBXFileReference; fileEncoding = 4; lastKnownFileType = sourcecode.swift; path = TapGestureHelper.swift; sourceTree = "<group>"; };
		23B501252BF4E72400EAB2D7 /* KeyBoardController.swift */ = {isa = PBXFileReference; fileEncoding = 4; lastKnownFileType = sourcecode.swift; path = KeyBoardController.swift; sourceTree = "<group>"; };
		23B501272BF4F62E00EAB2D7 /* DishGenerateOptionViewController.swift */ = {isa = PBXFileReference; lastKnownFileType = sourcecode.swift; path = DishGenerateOptionViewController.swift; sourceTree = "<group>"; };
		23BA50B12BF3160500E3B85A /* View.swift */ = {isa = PBXFileReference; lastKnownFileType = sourcecode.swift; path = View.swift; sourceTree = "<group>"; };
		23BA50B32BF3186200E3B85A /* Layer.swift */ = {isa = PBXFileReference; lastKnownFileType = sourcecode.swift; path = Layer.swift; sourceTree = "<group>"; };
		23BA50B52BF3660B00E3B85A /* CorrectIngredientViewController.swift */ = {isa = PBXFileReference; lastKnownFileType = sourcecode.swift; path = CorrectIngredientViewController.swift; sourceTree = "<group>"; };
		23BA50B92BF36AD300E3B85A /* CameraControllerDelegate.swift */ = {isa = PBXFileReference; lastKnownFileType = sourcecode.swift; path = CameraControllerDelegate.swift; sourceTree = "<group>"; };
		23BA50BB2BF36B2100E3B85A /* InputPhotoCollectionCellDelegate.swift */ = {isa = PBXFileReference; lastKnownFileType = sourcecode.swift; path = InputPhotoCollectionCellDelegate.swift; sourceTree = "<group>"; };
		23BA50BD2BF36C0900E3B85A /* DetectedPhotoTableCell.swift */ = {isa = PBXFileReference; lastKnownFileType = sourcecode.swift; path = DetectedPhotoTableCell.swift; sourceTree = "<group>"; };
		23BA50BF2BF382D600E3B85A /* PhotoInputedIngredient.swift */ = {isa = PBXFileReference; lastKnownFileType = sourcecode.swift; path = PhotoInputedIngredient.swift; sourceTree = "<group>"; };
		23BA50C12BF391B000E3B85A /* DetectedPhotoCollectionCellDelegate.swift */ = {isa = PBXFileReference; lastKnownFileType = sourcecode.swift; path = DetectedPhotoCollectionCellDelegate.swift; sourceTree = "<group>"; };
		23BA50C32BF391C200E3B85A /* DetectedPhotoCollectionCell.swift */ = {isa = PBXFileReference; lastKnownFileType = sourcecode.swift; path = DetectedPhotoCollectionCell.swift; sourceTree = "<group>"; };
		23C2100E2BF88CEE008F74D0 /* TextField.swift */ = {isa = PBXFileReference; lastKnownFileType = sourcecode.swift; path = TextField.swift; sourceTree = "<group>"; };
		23C210112BF8934B008F74D0 /* QuantityCollectionCell.swift */ = {isa = PBXFileReference; lastKnownFileType = sourcecode.swift; path = QuantityCollectionCell.swift; sourceTree = "<group>"; };
		23C210132BF89E9E008F74D0 /* TitleLabelSideCollectionCell.swift */ = {isa = PBXFileReference; lastKnownFileType = sourcecode.swift; path = TitleLabelSideCollectionCell.swift; sourceTree = "<group>"; };
		23C210152BF8AF77008F74D0 /* SliderCollectionCell.swift */ = {isa = PBXFileReference; lastKnownFileType = sourcecode.swift; path = SliderCollectionCell.swift; sourceTree = "<group>"; };
		23C210172BF8C376008F74D0 /* ReferenceHistoryCollectionCell.swift */ = {isa = PBXFileReference; lastKnownFileType = sourcecode.swift; path = ReferenceHistoryCollectionCell.swift; sourceTree = "<group>"; };
		23C2101B2BFB27B8008F74D0 /* ButtonSideCollectionCell.swift */ = {isa = PBXFileReference; lastKnownFileType = sourcecode.swift; path = ButtonSideCollectionCell.swift; sourceTree = "<group>"; };
		23C2101D2BFB27D7008F74D0 /* TextFieldSideCollectionCell.swift */ = {isa = PBXFileReference; lastKnownFileType = sourcecode.swift; path = TextFieldSideCollectionCell.swift; sourceTree = "<group>"; };
		23C2101F2BFB28E6008F74D0 /* Equipment.swift */ = {isa = PBXFileReference; lastKnownFileType = sourcecode.swift; path = Equipment.swift; sourceTree = "<group>"; };
		23C210212BFB2A96008F74D0 /* Cuisine.swift */ = {isa = PBXFileReference; lastKnownFileType = sourcecode.swift; path = Cuisine.swift; sourceTree = "<group>"; };
		23C210232BFB8F06008F74D0 /* GeneratedDishesDisplayController.swift */ = {isa = PBXFileReference; lastKnownFileType = sourcecode.swift; path = GeneratedDishesDisplayController.swift; sourceTree = "<group>"; };
		23C210252BFBA22A008F74D0 /* SummaryDishTableCell.swift */ = {isa = PBXFileReference; lastKnownFileType = sourcecode.swift; path = SummaryDishTableCell.swift; sourceTree = "<group>"; };
		23C210272BFCEE37008F74D0 /* Step.swift */ = {isa = PBXFileReference; lastKnownFileType = sourcecode.swift; path = Step.swift; sourceTree = "<group>"; };
		23C210292BFCFE1B008F74D0 /* DishDetailViewController.swift */ = {isa = PBXFileReference; lastKnownFileType = sourcecode.swift; path = DishDetailViewController.swift; sourceTree = "<group>"; };
		23C2102B2BFDBA40008F74D0 /* UIImage.swift */ = {isa = PBXFileReference; lastKnownFileType = sourcecode.swift; path = UIImage.swift; sourceTree = "<group>"; };
		23C2102D2BFE14E4008F74D0 /* IngredientTextFieldCollectionCell.swift */ = {isa = PBXFileReference; lastKnownFileType = sourcecode.swift; path = IngredientTextFieldCollectionCell.swift; sourceTree = "<group>"; };
		23C2102F2BFE1510008F74D0 /* CuisineTextFieldCollectionCell.swift */ = {isa = PBXFileReference; lastKnownFileType = sourcecode.swift; path = CuisineTextFieldCollectionCell.swift; sourceTree = "<group>"; };
		23C210312BFE26FD008F74D0 /* AddtionalTextCollectionCell.swift */ = {isa = PBXFileReference; lastKnownFileType = sourcecode.swift; path = AddtionalTextCollectionCell.swift; sourceTree = "<group>"; };
/* End PBXFileReference section */

/* Begin PBXFrameworksBuildPhase section */
		234BF5092BDEA4120012CF6A /* Frameworks */ = {
			isa = PBXFrameworksBuildPhase;
			buildActionMask = 2147483647;
			files = (
			);
			runOnlyForDeploymentPostprocessing = 0;
		};
		234BF5222BDEA4150012CF6A /* Frameworks */ = {
			isa = PBXFrameworksBuildPhase;
			buildActionMask = 2147483647;
			files = (
			);
			runOnlyForDeploymentPostprocessing = 0;
		};
		234BF52C2BDEA4150012CF6A /* Frameworks */ = {
			isa = PBXFrameworksBuildPhase;
			buildActionMask = 2147483647;
			files = (
			);
			runOnlyForDeploymentPostprocessing = 0;
		};
/* End PBXFrameworksBuildPhase section */

/* Begin PBXGroup section */
		2313419F2BEB4EE10015DFA6 /* StepIndicatorCell */ = {
			isa = PBXGroup;
			children = (
				231341A22BEB671D0015DFA6 /* StepCollectionViewTableCell.swift */,
				231341A02BEB4F6F0015DFA6 /* StepIndicatorCollectionCell.swift */,
			);
			path = StepIndicatorCell;
			sourceTree = "<group>";
		};
		234BF5032BDEA4120012CF6A = {
			isa = PBXGroup;
			children = (
				234BF50E2BDEA4120012CF6A /* DishGenerate */,
				234BF5282BDEA4150012CF6A /* DishGenerateTests */,
				234BF5322BDEA4150012CF6A /* DishGenerateUITests */,
				234BF50D2BDEA4120012CF6A /* Products */,
			);
			sourceTree = "<group>";
		};
		234BF50D2BDEA4120012CF6A /* Products */ = {
			isa = PBXGroup;
			children = (
				234BF50C2BDEA4120012CF6A /* DishGenerate.app */,
				234BF5252BDEA4150012CF6A /* DishGenerateTests.xctest */,
				234BF52F2BDEA4150012CF6A /* DishGenerateUITests.xctest */,
			);
			name = Products;
			sourceTree = "<group>";
		};
		234BF50E2BDEA4120012CF6A /* DishGenerate */ = {
			isa = PBXGroup;
			children = (
				234BF55B2BDEC65E0012CF6A /* MainTabBarViewController.swift */,
				234BF5582BDEB9A60012CF6A /* View */,
				234BF5472BDEAA1E0012CF6A /* Cell */,
				234BF5532BDEB8440012CF6A /* StoryBoard */,
				234BF5542BDEB8680012CF6A /* Util */,
				234BF5512BDEB82A0012CF6A /* VIewController */,
				234BF5422BDEA7BD0012CF6A /* Model */,
				234BF51B2BDEA4140012CF6A /* Assets.xcassets */,
				234BF5202BDEA4140012CF6A /* Info.plist */,
				234BF5182BDEA4120012CF6A /* DishGenerate.xcdatamodeld */,
				236B9EF32C0CDE280004E15A /* Gesture.swift */,
			);
			path = DishGenerate;
			sourceTree = "<group>";
		};
		234BF5282BDEA4150012CF6A /* DishGenerateTests */ = {
			isa = PBXGroup;
			children = (
				234BF5292BDEA4150012CF6A /* DishGenerateTests.swift */,
			);
			path = DishGenerateTests;
			sourceTree = "<group>";
		};
		234BF5322BDEA4150012CF6A /* DishGenerateUITests */ = {
			isa = PBXGroup;
			children = (
				234BF5332BDEA4150012CF6A /* DishGenerateUITests.swift */,
				234BF5352BDEA4150012CF6A /* DishGenerateUITestsLaunchTests.swift */,
			);
			path = DishGenerateUITests;
			sourceTree = "<group>";
		};
		234BF5422BDEA7BD0012CF6A /* Model */ = {
			isa = PBXGroup;
			children = (
				234BF5432BDEA7C60012CF6A /* Dish.swift */,
				231341992BEB4A1E0015DFA6 /* Ingredient.swift */,
				23BA50BF2BF382D600E3B85A /* PhotoInputedIngredient.swift */,
				23C2101F2BFB28E6008F74D0 /* Equipment.swift */,
				23C210212BFB2A96008F74D0 /* Cuisine.swift */,
				23C210272BFCEE37008F74D0 /* Step.swift */,
				236B9EEA2C0CB8760004E15A /* User.swift */,
			);
			path = Model;
			sourceTree = "<group>";
		};
		234BF5472BDEAA1E0012CF6A /* Cell */ = {
			isa = PBXGroup;
			children = (
				236B9EEE2C0CBF0F0004E15A /* EditUserProfileCell */,
				236784372C05D88E006C18A3 /* UserProfileCell */,
				236784302C02EB4B006C18A3 /* StepDetailCell */,
				23C210192BF9E9A5008F74D0 /* IngredientTextCell */,
				23C210102BF892EF008F74D0 /* DishGenerateOptionCell */,
				234BF5452BDEAA1A0012CF6A /* DishTableCell.swift */,
				23B5011E2BF49BFC00EAB2D7 /* CommonCell */,
				23BA50B72BF36A7D00E3B85A /* InputPhotoIngredientCell */,
				23B501192BF4892700EAB2D7 /* IndicatorCell */,
				23BA50C52BF392EE00E3B85A /* DetectPhotoCell */,
				23BA50B82BF36AAB00E3B85A /* Depre */,
				23B5011F2BF49C2C00EAB2D7 /* IngredientTitleLabelCollectionCell.swift */,
			);
			path = Cell;
			sourceTree = "<group>";
		};
		234BF5482BDEACEC0012CF6A /* Extension */ = {
			isa = PBXGroup;
			children = (
				234BF5492BDEAD170012CF6A /* Color.swift */,
				234BF54F2BDEAF250012CF6A /* UIFont.swift */,
				23BA50B12BF3160500E3B85A /* View.swift */,
				23BA50B32BF3186200E3B85A /* Layer.swift */,
				23C2100E2BF88CEE008F74D0 /* TextField.swift */,
				23C2102B2BFDBA40008F74D0 /* UIImage.swift */,
			);
			path = Extension;
			sourceTree = "<group>";
		};
		234BF5512BDEB82A0012CF6A /* VIewController */ = {
			isa = PBXGroup;
			children = (
				234BF5132BDEA4120012CF6A /* DishTableViewController.swift */,
				234BF54B2BDEADC70012CF6A /* MainNavgationController.swift */,
				231341972BEB496C0015DFA6 /* InputPhotoIngredientViewController.swift */,
				23BA50B52BF3660B00E3B85A /* CorrectIngredientViewController.swift */,
				23B501272BF4F62E00EAB2D7 /* DishGenerateOptionViewController.swift */,
				23C210232BFB8F06008F74D0 /* GeneratedDishesDisplayController.swift */,
				23C210292BFCFE1B008F74D0 /* DishDetailViewController.swift */,
				236784352C05CC74006C18A3 /* UserProfileViewController.swift */,
				236B9EE82C0C9CA70004E15A /* EditUserProfileViewController.swift */,
			);
			path = VIewController;
			sourceTree = "<group>";
		};
		234BF5522BDEB8340012CF6A /* Delegate */ = {
			isa = PBXGroup;
			children = (
				234BF50F2BDEA4120012CF6A /* AppDelegate.swift */,
				234BF5112BDEA4120012CF6A /* SceneDelegate.swift */,
			);
			path = Delegate;
			sourceTree = "<group>";
		};
		234BF5532BDEB8440012CF6A /* StoryBoard */ = {
			isa = PBXGroup;
			children = (
				234BF5152BDEA4120012CF6A /* Main.storyboard */,
				234BF51D2BDEA4140012CF6A /* LaunchScreen.storyboard */,
			);
			path = StoryBoard;
			sourceTree = "<group>";
		};
		234BF5542BDEB8680012CF6A /* Util */ = {
			isa = PBXGroup;
			children = (
				23B501252BF4E72400EAB2D7 /* KeyBoardController.swift */,
				234BF5522BDEB8340012CF6A /* Delegate */,
				234BF5552BDEB8D60012CF6A /* Protocol */,
				234BF5482BDEACEC0012CF6A /* Extension */,
				231341A62BEB69950015DFA6 /* CameraController.swift */,
				23B501232BF4E5AA00EAB2D7 /* TapGestureHelper.swift */,
			);
			path = Util;
			sourceTree = "<group>";
		};
		234BF5552BDEB8D60012CF6A /* Protocol */ = {
			isa = PBXGroup;
			children = (
				234BF5562BDEB8E80012CF6A /* CellProtocol.swift */,
				23BA50B92BF36AD300E3B85A /* CameraControllerDelegate.swift */,
				23BA50BB2BF36B2100E3B85A /* InputPhotoCollectionCellDelegate.swift */,
				23BA50C12BF391B000E3B85A /* DetectedPhotoCollectionCellDelegate.swift */,
			);
			path = Protocol;
			sourceTree = "<group>";
		};
		234BF5582BDEB9A60012CF6A /* View */ = {
			isa = PBXGroup;
			children = (
				234BF5592BDEB9B00012CF6A /* ZoomAnimatedButton.swift */,
				231341AC2BEBB2900015DFA6 /* IndicatorLabelView.swift */,
				231341AE2BEBBAB90015DFA6 /* LineView.swift */,
				23B5011C2BF497AE00EAB2D7 /* LabelHeaderView.swift */,
				2367843A2C05E820006C18A3 /* LeadingLogoHeaderView.swift */,
			);
			path = View;
			sourceTree = "<group>";
		};
		236784302C02EB4B006C18A3 /* StepDetailCell */ = {
			isa = PBXGroup;
			children = (
				236784312C02EB57006C18A3 /* DishDetailStepCell.swift */,
				236784332C02F2DD006C18A3 /* StepIngredientCell.swift */,
			);
			name = StepDetailCell;
			sourceTree = "<group>";
		};
		236784372C05D88E006C18A3 /* UserProfileCell */ = {
			isa = PBXGroup;
			children = (
				236784382C05D899006C18A3 /* UserDetailCollectionCell.swift */,
				2367843C2C05F59A006C18A3 /* UserProfileDishCell.swift */,
			);
			path = UserProfileCell;
			sourceTree = "<group>";
		};
		236B9EEE2C0CBF0F0004E15A /* EditUserProfileCell */ = {
			isa = PBXGroup;
			children = (
				236B9EEF2C0CBF1B0004E15A /* EditUserProfileUserImageViewTableCell.swift */,
				236B9EF52C0CDFA70004E15A /* EditUserProfileOptionCell.swift */,
			);
			path = EditUserProfileCell;
			sourceTree = "<group>";
		};
		23B501192BF4892700EAB2D7 /* IndicatorCell */ = {
			isa = PBXGroup;
			children = (
				231341AA2BEBB21F0015DFA6 /* IndicatorTableCell.swift */,
				23B5011A2BF4893500EAB2D7 /* IndicatorCollectionCell.swift */,
			);
			path = IndicatorCell;
			sourceTree = "<group>";
		};
		23B5011E2BF49BFC00EAB2D7 /* CommonCell */ = {
			isa = PBXGroup;
			children = (
				2313419B2BEB4B240015DFA6 /* CollectionViewTableCell.swift */,
				231341B02BEBCDFC0015DFA6 /* AddButtonCollectionCell.swift */,
				23B501152BF4873900EAB2D7 /* CollectionViewCollectionCell.swift */,
				23C2101B2BFB27B8008F74D0 /* ButtonSideCollectionCell.swift */,
				23C2101D2BFB27D7008F74D0 /* TextFieldSideCollectionCell.swift */,
				23C210252BFBA22A008F74D0 /* SummaryDishTableCell.swift */,
				23C2102D2BFE14E4008F74D0 /* IngredientTextFieldCollectionCell.swift */,
				23C2102F2BFE1510008F74D0 /* CuisineTextFieldCollectionCell.swift */,
				236B9EEC2C0CBEFC0004E15A /* ImageViewTableCell.swift */,
				236B9EF12C0CC1350004E15A /* GroupCornerBackgroundTableCell.swift */,
			);
			path = CommonCell;
			sourceTree = "<group>";
		};
		23BA50B72BF36A7D00E3B85A /* InputPhotoIngredientCell */ = {
			isa = PBXGroup;
			children = (
				2313419D2BEB4C120015DFA6 /* InputPhotoIngredientCollectionCell.swift */,
				231341A42BEB67B70015DFA6 /* InputPhotoIngredientTableCell.swift */,
			);
			path = InputPhotoIngredientCell;
			sourceTree = "<group>";
		};
		23BA50B82BF36AAB00E3B85A /* Depre */ = {
			isa = PBXGroup;
			children = (
				2313419F2BEB4EE10015DFA6 /* StepIndicatorCell */,
			);
			path = Depre;
			sourceTree = "<group>";
		};
		23BA50C52BF392EE00E3B85A /* DetectPhotoCell */ = {
			isa = PBXGroup;
			children = (
				23B501172BF487DB00EAB2D7 /* DetectedPhotoCollectionViewCollectionCell.swift */,
				23BA50BD2BF36C0900E3B85A /* DetectedPhotoTableCell.swift */,
				23BA50C32BF391C200E3B85A /* DetectedPhotoCollectionCell.swift */,
			);
			path = DetectPhotoCell;
			sourceTree = "<group>";
		};
		23C210102BF892EF008F74D0 /* DishGenerateOptionCell */ = {
			isa = PBXGroup;
			children = (
				23C210112BF8934B008F74D0 /* QuantityCollectionCell.swift */,
				23C210132BF89E9E008F74D0 /* TitleLabelSideCollectionCell.swift */,
				23C210152BF8AF77008F74D0 /* SliderCollectionCell.swift */,
				23C210172BF8C376008F74D0 /* ReferenceHistoryCollectionCell.swift */,
				23C210312BFE26FD008F74D0 /* AddtionalTextCollectionCell.swift */,
			);
			path = DishGenerateOptionCell;
			sourceTree = "<group>";
		};
		23C210192BF9E9A5008F74D0 /* IngredientTextCell */ = {
			isa = PBXGroup;
			children = (
			);
			path = IngredientTextCell;
			sourceTree = "<group>";
		};
/* End PBXGroup section */

/* Begin PBXNativeTarget section */
		234BF50B2BDEA4120012CF6A /* DishGenerate */ = {
			isa = PBXNativeTarget;
			buildConfigurationList = 234BF5392BDEA4150012CF6A /* Build configuration list for PBXNativeTarget "DishGenerate" */;
			buildPhases = (
				234BF5082BDEA4120012CF6A /* Sources */,
				234BF5092BDEA4120012CF6A /* Frameworks */,
				234BF50A2BDEA4120012CF6A /* Resources */,
			);
			buildRules = (
			);
			dependencies = (
			);
			name = DishGenerate;
			productName = DishGenerate;
			productReference = 234BF50C2BDEA4120012CF6A /* DishGenerate.app */;
			productType = "com.apple.product-type.application";
		};
		234BF5242BDEA4150012CF6A /* DishGenerateTests */ = {
			isa = PBXNativeTarget;
			buildConfigurationList = 234BF53C2BDEA4150012CF6A /* Build configuration list for PBXNativeTarget "DishGenerateTests" */;
			buildPhases = (
				234BF5212BDEA4150012CF6A /* Sources */,
				234BF5222BDEA4150012CF6A /* Frameworks */,
				234BF5232BDEA4150012CF6A /* Resources */,
			);
			buildRules = (
			);
			dependencies = (
				234BF5272BDEA4150012CF6A /* PBXTargetDependency */,
			);
			name = DishGenerateTests;
			productName = DishGenerateTests;
			productReference = 234BF5252BDEA4150012CF6A /* DishGenerateTests.xctest */;
			productType = "com.apple.product-type.bundle.unit-test";
		};
		234BF52E2BDEA4150012CF6A /* DishGenerateUITests */ = {
			isa = PBXNativeTarget;
			buildConfigurationList = 234BF53F2BDEA4150012CF6A /* Build configuration list for PBXNativeTarget "DishGenerateUITests" */;
			buildPhases = (
				234BF52B2BDEA4150012CF6A /* Sources */,
				234BF52C2BDEA4150012CF6A /* Frameworks */,
				234BF52D2BDEA4150012CF6A /* Resources */,
			);
			buildRules = (
			);
			dependencies = (
				234BF5312BDEA4150012CF6A /* PBXTargetDependency */,
			);
			name = DishGenerateUITests;
			productName = DishGenerateUITests;
			productReference = 234BF52F2BDEA4150012CF6A /* DishGenerateUITests.xctest */;
			productType = "com.apple.product-type.bundle.ui-testing";
		};
/* End PBXNativeTarget section */

/* Begin PBXProject section */
		234BF5042BDEA4120012CF6A /* Project object */ = {
			isa = PBXProject;
			attributes = {
				BuildIndependentTargetsInParallel = 1;
				LastSwiftUpdateCheck = 1530;
				LastUpgradeCheck = 1530;
				TargetAttributes = {
					234BF50B2BDEA4120012CF6A = {
						CreatedOnToolsVersion = 15.3;
					};
					234BF5242BDEA4150012CF6A = {
						CreatedOnToolsVersion = 15.3;
						TestTargetID = 234BF50B2BDEA4120012CF6A;
					};
					234BF52E2BDEA4150012CF6A = {
						CreatedOnToolsVersion = 15.3;
						TestTargetID = 234BF50B2BDEA4120012CF6A;
					};
				};
			};
			buildConfigurationList = 234BF5072BDEA4120012CF6A /* Build configuration list for PBXProject "DishGenerate" */;
			compatibilityVersion = "Xcode 14.0";
			developmentRegion = en;
			hasScannedForEncodings = 0;
			knownRegions = (
				en,
				Base,
			);
			mainGroup = 234BF5032BDEA4120012CF6A;
			productRefGroup = 234BF50D2BDEA4120012CF6A /* Products */;
			projectDirPath = "";
			projectRoot = "";
			targets = (
				234BF50B2BDEA4120012CF6A /* DishGenerate */,
				234BF5242BDEA4150012CF6A /* DishGenerateTests */,
				234BF52E2BDEA4150012CF6A /* DishGenerateUITests */,
			);
		};
/* End PBXProject section */

/* Begin PBXResourcesBuildPhase section */
		234BF50A2BDEA4120012CF6A /* Resources */ = {
			isa = PBXResourcesBuildPhase;
			buildActionMask = 2147483647;
			files = (
				234BF51C2BDEA4140012CF6A /* Assets.xcassets in Resources */,
				234BF51F2BDEA4140012CF6A /* Base in Resources */,
				234BF5172BDEA4120012CF6A /* Base in Resources */,
			);
			runOnlyForDeploymentPostprocessing = 0;
		};
		234BF5232BDEA4150012CF6A /* Resources */ = {
			isa = PBXResourcesBuildPhase;
			buildActionMask = 2147483647;
			files = (
			);
			runOnlyForDeploymentPostprocessing = 0;
		};
		234BF52D2BDEA4150012CF6A /* Resources */ = {
			isa = PBXResourcesBuildPhase;
			buildActionMask = 2147483647;
			files = (
			);
			runOnlyForDeploymentPostprocessing = 0;
		};
/* End PBXResourcesBuildPhase section */

/* Begin PBXSourcesBuildPhase section */
		234BF5082BDEA4120012CF6A /* Sources */ = {
			isa = PBXSourcesBuildPhase;
			buildActionMask = 2147483647;
			files = (
				236784342C02F2DD006C18A3 /* StepIngredientCell.swift in Sources */,
				236784322C02EB57006C18A3 /* DishDetailStepCell.swift in Sources */,
				231341AF2BEBBAB90015DFA6 /* LineView.swift in Sources */,
				23C2102C2BFDBA40008F74D0 /* UIImage.swift in Sources */,
				23B501202BF49C2C00EAB2D7 /* IngredientTitleLabelCollectionCell.swift in Sources */,
				23C210322BFE26FD008F74D0 /* AddtionalTextCollectionCell.swift in Sources */,
				234BF54C2BDEADC70012CF6A /* MainNavgationController.swift in Sources */,
				236B9EF42C0CDE280004E15A /* Gesture.swift in Sources */,
				23C210262BFBA22A008F74D0 /* SummaryDishTableCell.swift in Sources */,
				234BF51A2BDEA4120012CF6A /* DishGenerate.xcdatamodeld in Sources */,
				2313419A2BEB4A1E0015DFA6 /* Ingredient.swift in Sources */,
				23B501242BF4E5AA00EAB2D7 /* TapGestureHelper.swift in Sources */,
				236784362C05CC74006C18A3 /* UserProfileViewController.swift in Sources */,
				23C2101C2BFB27B8008F74D0 /* ButtonSideCollectionCell.swift in Sources */,
				236B9EF02C0CBF1B0004E15A /* EditUserProfileUserImageViewTableCell.swift in Sources */,
				234BF55A2BDEB9B00012CF6A /* ZoomAnimatedButton.swift in Sources */,
				23BA50BE2BF36C0900E3B85A /* DetectedPhotoTableCell.swift in Sources */,
				234BF5442BDEA7C60012CF6A /* Dish.swift in Sources */,
				231341A32BEB671D0015DFA6 /* StepCollectionViewTableCell.swift in Sources */,
				23BA50BC2BF36B2100E3B85A /* InputPhotoCollectionCellDelegate.swift in Sources */,
				23BA50C02BF382D600E3B85A /* PhotoInputedIngredient.swift in Sources */,
				23BA50B62BF3660B00E3B85A /* CorrectIngredientViewController.swift in Sources */,
				234BF54A2BDEAD170012CF6A /* Color.swift in Sources */,
				231341A52BEB67B70015DFA6 /* InputPhotoIngredientTableCell.swift in Sources */,
				23C210142BF89E9E008F74D0 /* TitleLabelSideCollectionCell.swift in Sources */,
				23C2100F2BF88CEE008F74D0 /* TextField.swift in Sources */,
				234BF5462BDEAA1A0012CF6A /* DishTableCell.swift in Sources */,
				234BF5142BDEA4120012CF6A /* DishTableViewController.swift in Sources */,
				23C2102A2BFCFE1B008F74D0 /* DishDetailViewController.swift in Sources */,
				23C210122BF8934B008F74D0 /* QuantityCollectionCell.swift in Sources */,
				23C2102E2BFE14E4008F74D0 /* IngredientTextFieldCollectionCell.swift in Sources */,
				2367843B2C05E820006C18A3 /* LeadingLogoHeaderView.swift in Sources */,
				23BA50C42BF391C200E3B85A /* DetectedPhotoCollectionCell.swift in Sources */,
				23B501282BF4F62E00EAB2D7 /* DishGenerateOptionViewController.swift in Sources */,
				236B9EEB2C0CB8760004E15A /* User.swift in Sources */,
				234BF5102BDEA4120012CF6A /* AppDelegate.swift in Sources */,
				23B5011B2BF4893500EAB2D7 /* IndicatorCollectionCell.swift in Sources */,
				234BF5502BDEAF250012CF6A /* UIFont.swift in Sources */,
				234BF5572BDEB8E80012CF6A /* CellProtocol.swift in Sources */,
				2313419E2BEB4C120015DFA6 /* InputPhotoIngredientCollectionCell.swift in Sources */,
				23C210242BFB8F06008F74D0 /* GeneratedDishesDisplayController.swift in Sources */,
				23C210162BF8AF77008F74D0 /* SliderCollectionCell.swift in Sources */,
				231341A72BEB69950015DFA6 /* CameraController.swift in Sources */,
				23B5011D2BF497AE00EAB2D7 /* LabelHeaderView.swift in Sources */,
				23BA50BA2BF36AD300E3B85A /* CameraControllerDelegate.swift in Sources */,
				236784392C05D899006C18A3 /* UserDetailCollectionCell.swift in Sources */,
				231341A12BEB4F6F0015DFA6 /* StepIndicatorCollectionCell.swift in Sources */,
				2367843D2C05F59A006C18A3 /* UserProfileDishCell.swift in Sources */,
				236B9EED2C0CBEFC0004E15A /* ImageViewTableCell.swift in Sources */,
				23C210282BFCEE37008F74D0 /* Step.swift in Sources */,
				23C210202BFB28E6008F74D0 /* Equipment.swift in Sources */,
				234BF5122BDEA4120012CF6A /* SceneDelegate.swift in Sources */,
				23C210222BFB2A96008F74D0 /* Cuisine.swift in Sources */,
				23C210302BFE1510008F74D0 /* CuisineTextFieldCollectionCell.swift in Sources */,
				236B9EE92C0C9CA70004E15A /* EditUserProfileViewController.swift in Sources */,
				23B501162BF4873900EAB2D7 /* CollectionViewCollectionCell.swift in Sources */,
				23B501182BF487DB00EAB2D7 /* DetectedPhotoCollectionViewCollectionCell.swift in Sources */,
				23BA50C22BF391B000E3B85A /* DetectedPhotoCollectionCellDelegate.swift in Sources */,
				231341AB2BEBB21F0015DFA6 /* IndicatorTableCell.swift in Sources */,
				231341B12BEBCDFC0015DFA6 /* AddButtonCollectionCell.swift in Sources */,
				234BF55C2BDEC65E0012CF6A /* MainTabBarViewController.swift in Sources */,
				231341AD2BEBB2900015DFA6 /* IndicatorLabelView.swift in Sources */,
				23B501262BF4E72400EAB2D7 /* KeyBoardController.swift in Sources */,
				23C210182BF8C376008F74D0 /* ReferenceHistoryCollectionCell.swift in Sources */,
				23C2101E2BFB27D7008F74D0 /* TextFieldSideCollectionCell.swift in Sources */,
				23BA50B22BF3160500E3B85A /* View.swift in Sources */,
				23BA50B42BF3186200E3B85A /* Layer.swift in Sources */,
				2313419C2BEB4B240015DFA6 /* CollectionViewTableCell.swift in Sources */,
				236B9EF22C0CC1350004E15A /* GroupCornerBackgroundTableCell.swift in Sources */,
				236B9EF62C0CDFA70004E15A /* EditUserProfileOptionCell.swift in Sources */,
				231341982BEB496C0015DFA6 /* InputPhotoIngredientViewController.swift in Sources */,
			);
			runOnlyForDeploymentPostprocessing = 0;
		};
		234BF5212BDEA4150012CF6A /* Sources */ = {
			isa = PBXSourcesBuildPhase;
			buildActionMask = 2147483647;
			files = (
				234BF52A2BDEA4150012CF6A /* DishGenerateTests.swift in Sources */,
			);
			runOnlyForDeploymentPostprocessing = 0;
		};
		234BF52B2BDEA4150012CF6A /* Sources */ = {
			isa = PBXSourcesBuildPhase;
			buildActionMask = 2147483647;
			files = (
				234BF5342BDEA4150012CF6A /* DishGenerateUITests.swift in Sources */,
				234BF5362BDEA4150012CF6A /* DishGenerateUITestsLaunchTests.swift in Sources */,
			);
			runOnlyForDeploymentPostprocessing = 0;
		};
/* End PBXSourcesBuildPhase section */

/* Begin PBXTargetDependency section */
		234BF5272BDEA4150012CF6A /* PBXTargetDependency */ = {
			isa = PBXTargetDependency;
			target = 234BF50B2BDEA4120012CF6A /* DishGenerate */;
			targetProxy = 234BF5262BDEA4150012CF6A /* PBXContainerItemProxy */;
		};
		234BF5312BDEA4150012CF6A /* PBXTargetDependency */ = {
			isa = PBXTargetDependency;
			target = 234BF50B2BDEA4120012CF6A /* DishGenerate */;
			targetProxy = 234BF5302BDEA4150012CF6A /* PBXContainerItemProxy */;
		};
/* End PBXTargetDependency section */

/* Begin PBXVariantGroup section */
		234BF5152BDEA4120012CF6A /* Main.storyboard */ = {
			isa = PBXVariantGroup;
			children = (
				234BF5162BDEA4120012CF6A /* Base */,
			);
			name = Main.storyboard;
			sourceTree = "<group>";
		};
		234BF51D2BDEA4140012CF6A /* LaunchScreen.storyboard */ = {
			isa = PBXVariantGroup;
			children = (
				234BF51E2BDEA4140012CF6A /* Base */,
			);
			name = LaunchScreen.storyboard;
			sourceTree = "<group>";
		};
/* End PBXVariantGroup section */

/* Begin XCBuildConfiguration section */
		234BF5372BDEA4150012CF6A /* Debug */ = {
			isa = XCBuildConfiguration;
			buildSettings = {
				ALWAYS_SEARCH_USER_PATHS = NO;
				ASSETCATALOG_COMPILER_GENERATE_SWIFT_ASSET_SYMBOL_EXTENSIONS = YES;
				CLANG_ANALYZER_NONNULL = YES;
				CLANG_ANALYZER_NUMBER_OBJECT_CONVERSION = YES_AGGRESSIVE;
				CLANG_CXX_LANGUAGE_STANDARD = "gnu++20";
				CLANG_ENABLE_MODULES = YES;
				CLANG_ENABLE_OBJC_ARC = YES;
				CLANG_ENABLE_OBJC_WEAK = YES;
				CLANG_WARN_BLOCK_CAPTURE_AUTORELEASING = YES;
				CLANG_WARN_BOOL_CONVERSION = YES;
				CLANG_WARN_COMMA = YES;
				CLANG_WARN_CONSTANT_CONVERSION = YES;
				CLANG_WARN_DEPRECATED_OBJC_IMPLEMENTATIONS = YES;
				CLANG_WARN_DIRECT_OBJC_ISA_USAGE = YES_ERROR;
				CLANG_WARN_DOCUMENTATION_COMMENTS = YES;
				CLANG_WARN_EMPTY_BODY = YES;
				CLANG_WARN_ENUM_CONVERSION = YES;
				CLANG_WARN_INFINITE_RECURSION = YES;
				CLANG_WARN_INT_CONVERSION = YES;
				CLANG_WARN_NON_LITERAL_NULL_CONVERSION = YES;
				CLANG_WARN_OBJC_IMPLICIT_RETAIN_SELF = YES;
				CLANG_WARN_OBJC_LITERAL_CONVERSION = YES;
				CLANG_WARN_OBJC_ROOT_CLASS = YES_ERROR;
				CLANG_WARN_QUOTED_INCLUDE_IN_FRAMEWORK_HEADER = YES;
				CLANG_WARN_RANGE_LOOP_ANALYSIS = YES;
				CLANG_WARN_STRICT_PROTOTYPES = YES;
				CLANG_WARN_SUSPICIOUS_MOVE = YES;
				CLANG_WARN_UNGUARDED_AVAILABILITY = YES_AGGRESSIVE;
				CLANG_WARN_UNREACHABLE_CODE = YES;
				CLANG_WARN__DUPLICATE_METHOD_MATCH = YES;
				COPY_PHASE_STRIP = NO;
				DEBUG_INFORMATION_FORMAT = dwarf;
				ENABLE_STRICT_OBJC_MSGSEND = YES;
				ENABLE_TESTABILITY = YES;
				ENABLE_USER_SCRIPT_SANDBOXING = YES;
				GCC_C_LANGUAGE_STANDARD = gnu17;
				GCC_DYNAMIC_NO_PIC = NO;
				GCC_NO_COMMON_BLOCKS = YES;
				GCC_OPTIMIZATION_LEVEL = 0;
				GCC_PREPROCESSOR_DEFINITIONS = (
					"DEBUG=1",
					"$(inherited)",
				);
				GCC_WARN_64_TO_32_BIT_CONVERSION = YES;
				GCC_WARN_ABOUT_RETURN_TYPE = YES_ERROR;
				GCC_WARN_UNDECLARED_SELECTOR = YES;
				GCC_WARN_UNINITIALIZED_AUTOS = YES_AGGRESSIVE;
				GCC_WARN_UNUSED_FUNCTION = YES;
				GCC_WARN_UNUSED_VARIABLE = YES;
				IPHONEOS_DEPLOYMENT_TARGET = 17.4;
				LOCALIZATION_PREFERS_STRING_CATALOGS = YES;
				MTL_ENABLE_DEBUG_INFO = INCLUDE_SOURCE;
				MTL_FAST_MATH = YES;
				ONLY_ACTIVE_ARCH = YES;
				SDKROOT = iphoneos;
				SWIFT_ACTIVE_COMPILATION_CONDITIONS = "DEBUG $(inherited)";
				SWIFT_OPTIMIZATION_LEVEL = "-Onone";
			};
			name = Debug;
		};
		234BF5382BDEA4150012CF6A /* Release */ = {
			isa = XCBuildConfiguration;
			buildSettings = {
				ALWAYS_SEARCH_USER_PATHS = NO;
				ASSETCATALOG_COMPILER_GENERATE_SWIFT_ASSET_SYMBOL_EXTENSIONS = YES;
				CLANG_ANALYZER_NONNULL = YES;
				CLANG_ANALYZER_NUMBER_OBJECT_CONVERSION = YES_AGGRESSIVE;
				CLANG_CXX_LANGUAGE_STANDARD = "gnu++20";
				CLANG_ENABLE_MODULES = YES;
				CLANG_ENABLE_OBJC_ARC = YES;
				CLANG_ENABLE_OBJC_WEAK = YES;
				CLANG_WARN_BLOCK_CAPTURE_AUTORELEASING = YES;
				CLANG_WARN_BOOL_CONVERSION = YES;
				CLANG_WARN_COMMA = YES;
				CLANG_WARN_CONSTANT_CONVERSION = YES;
				CLANG_WARN_DEPRECATED_OBJC_IMPLEMENTATIONS = YES;
				CLANG_WARN_DIRECT_OBJC_ISA_USAGE = YES_ERROR;
				CLANG_WARN_DOCUMENTATION_COMMENTS = YES;
				CLANG_WARN_EMPTY_BODY = YES;
				CLANG_WARN_ENUM_CONVERSION = YES;
				CLANG_WARN_INFINITE_RECURSION = YES;
				CLANG_WARN_INT_CONVERSION = YES;
				CLANG_WARN_NON_LITERAL_NULL_CONVERSION = YES;
				CLANG_WARN_OBJC_IMPLICIT_RETAIN_SELF = YES;
				CLANG_WARN_OBJC_LITERAL_CONVERSION = YES;
				CLANG_WARN_OBJC_ROOT_CLASS = YES_ERROR;
				CLANG_WARN_QUOTED_INCLUDE_IN_FRAMEWORK_HEADER = YES;
				CLANG_WARN_RANGE_LOOP_ANALYSIS = YES;
				CLANG_WARN_STRICT_PROTOTYPES = YES;
				CLANG_WARN_SUSPICIOUS_MOVE = YES;
				CLANG_WARN_UNGUARDED_AVAILABILITY = YES_AGGRESSIVE;
				CLANG_WARN_UNREACHABLE_CODE = YES;
				CLANG_WARN__DUPLICATE_METHOD_MATCH = YES;
				COPY_PHASE_STRIP = NO;
				DEBUG_INFORMATION_FORMAT = "dwarf-with-dsym";
				ENABLE_NS_ASSERTIONS = NO;
				ENABLE_STRICT_OBJC_MSGSEND = YES;
				ENABLE_USER_SCRIPT_SANDBOXING = YES;
				GCC_C_LANGUAGE_STANDARD = gnu17;
				GCC_NO_COMMON_BLOCKS = YES;
				GCC_WARN_64_TO_32_BIT_CONVERSION = YES;
				GCC_WARN_ABOUT_RETURN_TYPE = YES_ERROR;
				GCC_WARN_UNDECLARED_SELECTOR = YES;
				GCC_WARN_UNINITIALIZED_AUTOS = YES_AGGRESSIVE;
				GCC_WARN_UNUSED_FUNCTION = YES;
				GCC_WARN_UNUSED_VARIABLE = YES;
				IPHONEOS_DEPLOYMENT_TARGET = 17.4;
				LOCALIZATION_PREFERS_STRING_CATALOGS = YES;
				MTL_ENABLE_DEBUG_INFO = NO;
				MTL_FAST_MATH = YES;
				SDKROOT = iphoneos;
				SWIFT_COMPILATION_MODE = wholemodule;
				VALIDATE_PRODUCT = YES;
			};
			name = Release;
		};
		234BF53A2BDEA4150012CF6A /* Debug */ = {
			isa = XCBuildConfiguration;
			buildSettings = {
				ASSETCATALOG_COMPILER_APPICON_NAME = AppIcon;
				ASSETCATALOG_COMPILER_GLOBAL_ACCENT_COLOR_NAME = AccentColor;
				CODE_SIGN_STYLE = Automatic;
				CURRENT_PROJECT_VERSION = 1;
				DEVELOPMENT_TEAM = 2A542MXRY2;
				GENERATE_INFOPLIST_FILE = YES;
				INFOPLIST_FILE = DishGenerate/Info.plist;
				INFOPLIST_KEY_UIApplicationSupportsIndirectInputEvents = YES;
				INFOPLIST_KEY_UILaunchStoryboardName = LaunchScreen;
				INFOPLIST_KEY_UIMainStoryboardFile = Main;
				INFOPLIST_KEY_UISupportedInterfaceOrientations_iPad = "UIInterfaceOrientationPortrait UIInterfaceOrientationPortraitUpsideDown UIInterfaceOrientationLandscapeLeft UIInterfaceOrientationLandscapeRight";
				INFOPLIST_KEY_UISupportedInterfaceOrientations_iPhone = "UIInterfaceOrientationPortrait UIInterfaceOrientationLandscapeLeft UIInterfaceOrientationLandscapeRight";
				LD_RUNPATH_SEARCH_PATHS = (
					"$(inherited)",
					"@executable_path/Frameworks",
				);
				MARKETING_VERSION = 1.0;
				PRODUCT_BUNDLE_IDENTIFIER = kevin20694569.DishGenerate;
				PRODUCT_NAME = "$(TARGET_NAME)";
				SWIFT_EMIT_LOC_STRINGS = YES;
				SWIFT_VERSION = 5.0;
				TARGETED_DEVICE_FAMILY = "1,2";
			};
			name = Debug;
		};
		234BF53B2BDEA4150012CF6A /* Release */ = {
			isa = XCBuildConfiguration;
			buildSettings = {
				ASSETCATALOG_COMPILER_APPICON_NAME = AppIcon;
				ASSETCATALOG_COMPILER_GLOBAL_ACCENT_COLOR_NAME = AccentColor;
				CODE_SIGN_STYLE = Automatic;
				CURRENT_PROJECT_VERSION = 1;
				DEVELOPMENT_TEAM = 2A542MXRY2;
				GENERATE_INFOPLIST_FILE = YES;
				INFOPLIST_FILE = DishGenerate/Info.plist;
				INFOPLIST_KEY_UIApplicationSupportsIndirectInputEvents = YES;
				INFOPLIST_KEY_UILaunchStoryboardName = LaunchScreen;
				INFOPLIST_KEY_UIMainStoryboardFile = Main;
				INFOPLIST_KEY_UISupportedInterfaceOrientations_iPad = "UIInterfaceOrientationPortrait UIInterfaceOrientationPortraitUpsideDown UIInterfaceOrientationLandscapeLeft UIInterfaceOrientationLandscapeRight";
				INFOPLIST_KEY_UISupportedInterfaceOrientations_iPhone = "UIInterfaceOrientationPortrait UIInterfaceOrientationLandscapeLeft UIInterfaceOrientationLandscapeRight";
				LD_RUNPATH_SEARCH_PATHS = (
					"$(inherited)",
					"@executable_path/Frameworks",
				);
				MARKETING_VERSION = 1.0;
				PRODUCT_BUNDLE_IDENTIFIER = kevin20694569.DishGenerate;
				PRODUCT_NAME = "$(TARGET_NAME)";
				SWIFT_EMIT_LOC_STRINGS = YES;
				SWIFT_VERSION = 5.0;
				TARGETED_DEVICE_FAMILY = "1,2";
			};
			name = Release;
		};
		234BF53D2BDEA4150012CF6A /* Debug */ = {
			isa = XCBuildConfiguration;
			buildSettings = {
				ALWAYS_EMBED_SWIFT_STANDARD_LIBRARIES = YES;
				BUNDLE_LOADER = "$(TEST_HOST)";
				CODE_SIGN_STYLE = Automatic;
				CURRENT_PROJECT_VERSION = 1;
				DEVELOPMENT_TEAM = 2A542MXRY2;
				GENERATE_INFOPLIST_FILE = YES;
				IPHONEOS_DEPLOYMENT_TARGET = 17.4;
				MARKETING_VERSION = 1.0;
				PRODUCT_BUNDLE_IDENTIFIER = kevin20694569.DishGenerateTests;
				PRODUCT_NAME = "$(TARGET_NAME)";
				SWIFT_EMIT_LOC_STRINGS = NO;
				SWIFT_VERSION = 5.0;
				TARGETED_DEVICE_FAMILY = "1,2";
				TEST_HOST = "$(BUILT_PRODUCTS_DIR)/DishGenerate.app/$(BUNDLE_EXECUTABLE_FOLDER_PATH)/DishGenerate";
			};
			name = Debug;
		};
		234BF53E2BDEA4150012CF6A /* Release */ = {
			isa = XCBuildConfiguration;
			buildSettings = {
				ALWAYS_EMBED_SWIFT_STANDARD_LIBRARIES = YES;
				BUNDLE_LOADER = "$(TEST_HOST)";
				CODE_SIGN_STYLE = Automatic;
				CURRENT_PROJECT_VERSION = 1;
				DEVELOPMENT_TEAM = 2A542MXRY2;
				GENERATE_INFOPLIST_FILE = YES;
				IPHONEOS_DEPLOYMENT_TARGET = 17.4;
				MARKETING_VERSION = 1.0;
				PRODUCT_BUNDLE_IDENTIFIER = kevin20694569.DishGenerateTests;
				PRODUCT_NAME = "$(TARGET_NAME)";
				SWIFT_EMIT_LOC_STRINGS = NO;
				SWIFT_VERSION = 5.0;
				TARGETED_DEVICE_FAMILY = "1,2";
				TEST_HOST = "$(BUILT_PRODUCTS_DIR)/DishGenerate.app/$(BUNDLE_EXECUTABLE_FOLDER_PATH)/DishGenerate";
			};
			name = Release;
		};
		234BF5402BDEA4150012CF6A /* Debug */ = {
			isa = XCBuildConfiguration;
			buildSettings = {
				ALWAYS_EMBED_SWIFT_STANDARD_LIBRARIES = YES;
				CODE_SIGN_STYLE = Automatic;
				CURRENT_PROJECT_VERSION = 1;
				DEVELOPMENT_TEAM = 2A542MXRY2;
				GENERATE_INFOPLIST_FILE = YES;
				MARKETING_VERSION = 1.0;
				PRODUCT_BUNDLE_IDENTIFIER = kevin20694569.DishGenerateUITests;
				PRODUCT_NAME = "$(TARGET_NAME)";
				SWIFT_EMIT_LOC_STRINGS = NO;
				SWIFT_VERSION = 5.0;
				TARGETED_DEVICE_FAMILY = "1,2";
				TEST_TARGET_NAME = DishGenerate;
			};
			name = Debug;
		};
		234BF5412BDEA4150012CF6A /* Release */ = {
			isa = XCBuildConfiguration;
			buildSettings = {
				ALWAYS_EMBED_SWIFT_STANDARD_LIBRARIES = YES;
				CODE_SIGN_STYLE = Automatic;
				CURRENT_PROJECT_VERSION = 1;
				DEVELOPMENT_TEAM = 2A542MXRY2;
				GENERATE_INFOPLIST_FILE = YES;
				MARKETING_VERSION = 1.0;
				PRODUCT_BUNDLE_IDENTIFIER = kevin20694569.DishGenerateUITests;
				PRODUCT_NAME = "$(TARGET_NAME)";
				SWIFT_EMIT_LOC_STRINGS = NO;
				SWIFT_VERSION = 5.0;
				TARGETED_DEVICE_FAMILY = "1,2";
				TEST_TARGET_NAME = DishGenerate;
			};
			name = Release;
		};
/* End XCBuildConfiguration section */

/* Begin XCConfigurationList section */
		234BF5072BDEA4120012CF6A /* Build configuration list for PBXProject "DishGenerate" */ = {
			isa = XCConfigurationList;
			buildConfigurations = (
				234BF5372BDEA4150012CF6A /* Debug */,
				234BF5382BDEA4150012CF6A /* Release */,
			);
			defaultConfigurationIsVisible = 0;
			defaultConfigurationName = Release;
		};
		234BF5392BDEA4150012CF6A /* Build configuration list for PBXNativeTarget "DishGenerate" */ = {
			isa = XCConfigurationList;
			buildConfigurations = (
				234BF53A2BDEA4150012CF6A /* Debug */,
				234BF53B2BDEA4150012CF6A /* Release */,
			);
			defaultConfigurationIsVisible = 0;
			defaultConfigurationName = Release;
		};
		234BF53C2BDEA4150012CF6A /* Build configuration list for PBXNativeTarget "DishGenerateTests" */ = {
			isa = XCConfigurationList;
			buildConfigurations = (
				234BF53D2BDEA4150012CF6A /* Debug */,
				234BF53E2BDEA4150012CF6A /* Release */,
			);
			defaultConfigurationIsVisible = 0;
			defaultConfigurationName = Release;
		};
		234BF53F2BDEA4150012CF6A /* Build configuration list for PBXNativeTarget "DishGenerateUITests" */ = {
			isa = XCConfigurationList;
			buildConfigurations = (
				234BF5402BDEA4150012CF6A /* Debug */,
				234BF5412BDEA4150012CF6A /* Release */,
			);
			defaultConfigurationIsVisible = 0;
			defaultConfigurationName = Release;
		};
/* End XCConfigurationList section */

/* Begin XCVersionGroup section */
		234BF5182BDEA4120012CF6A /* DishGenerate.xcdatamodeld */ = {
			isa = XCVersionGroup;
			children = (
				234BF5192BDEA4120012CF6A /* DishGenerate.xcdatamodel */,
			);
			currentVersion = 234BF5192BDEA4120012CF6A /* DishGenerate.xcdatamodel */;
			path = DishGenerate.xcdatamodeld;
			sourceTree = "<group>";
			versionGroupType = wrapper.xcdatamodel;
		};
/* End XCVersionGroup section */
	};
	rootObject = 234BF5042BDEA4120012CF6A /* Project object */;
}
